{
    "_meta": {
        "hash": {
            "sha256": "2af46a71a66008c9bc0a63b1f2143dec2fe888f275f351a70faff8405bcaa5ed"
        },
        "pipfile-spec": 6,
        "requires": {},
        "sources": [
            {
                "name": "pypi",
                "url": "https://pypi.org/simple",
                "verify_ssl": true
            }
        ]
    },
    "default": {
        "altgraph": {
            "hashes": [
                "sha256:1f05a47122542f97028caf78775a095fbe6a2699b5089de8477eb583167d69aa",
                "sha256:c623e5f3408ca61d4016f23a681b9adb100802ca3e3da5e718915a9e4052cebe"
            ],
            "version": "==0.17"
        },
        "argon2-cffi": {
            "hashes": [
                "sha256:05a8ac07c7026542377e38389638a8a1e9b78f1cd8439cd7493b39f08dd75fbf",
                "sha256:0bf066bc049332489bb2d75f69216416329d9dc65deee127152caeb16e5ce7d5",
                "sha256:18dee20e25e4be86680b178b35ccfc5d495ebd5792cd00781548d50880fee5c5",
                "sha256:392c3c2ef91d12da510cfb6f9bae52512a4552573a9e27600bdb800e05905d2b",
                "sha256:57358570592c46c420300ec94f2ff3b32cbccd10d38bdc12dc6979c4a8484fbc",
                "sha256:6678bb047373f52bcff02db8afab0d2a77d83bde61cfecea7c5c62e2335cb203",
                "sha256:6ea92c980586931a816d61e4faf6c192b4abce89aa767ff6581e6ddc985ed003",
                "sha256:77e909cc756ef81d6abb60524d259d959bab384832f0c651ed7dcb6e5ccdbb78",
                "sha256:7d455c802727710e9dfa69b74ccaab04568386ca17b0ad36350b622cd34606fe",
                "sha256:9bee3212ba4f560af397b6d7146848c32a800652301843df06b9e8f68f0f7361",
                "sha256:9dfd5197852530294ecb5795c97a823839258dfd5eb9420233c7cfedec2058f2",
                "sha256:b160416adc0f012fb1f12588a5e6954889510f82f698e23ed4f4fa57f12a0647",
                "sha256:ba7209b608945b889457f949cc04c8e762bed4fe3fec88ae9a6b7765ae82e496",
                "sha256:cc0e028b209a5483b6846053d5fd7165f460a1f14774d79e632e75e7ae64b82b",
                "sha256:d8029b2d3e4b4cea770e9e5a0104dd8fa185c1724a0f01528ae4826a6d25f97d",
                "sha256:da7f0445b71db6d3a72462e04f36544b0de871289b0bc8a7cc87c0f5ec7079fa"
            ],
            "index": "pypi",
            "version": "==20.1.0"
        },
        "certifi": {
            "hashes": [
                "sha256:5930595817496dd21bb8dc35dad090f1c2cd0adfaf21204bf6732ca5d8ee34d3",
                "sha256:8fc0819f1f30ba15bdb34cceffb9ef04d99f420f68eb75d901e9560b8749fc41"
            ],
            "version": "==2020.6.20"
        },
        "cffi": {
            "hashes": [
                "sha256:005f2bfe11b6745d726dbb07ace4d53f057de66e336ff92d61b8c7e9c8f4777d",
                "sha256:09e96138280241bd355cd585148dec04dbbedb4f46128f340d696eaafc82dd7b",
                "sha256:0b1ad452cc824665ddc682400b62c9e4f5b64736a2ba99110712fdee5f2505c4",
                "sha256:0ef488305fdce2580c8b2708f22d7785ae222d9825d3094ab073e22e93dfe51f",
                "sha256:15f351bed09897fbda218e4db5a3d5c06328862f6198d4fb385f3e14e19decb3",
                "sha256:22399ff4870fb4c7ef19fff6eeb20a8bbf15571913c181c78cb361024d574579",
                "sha256:23e5d2040367322824605bc29ae8ee9175200b92cb5483ac7d466927a9b3d537",
                "sha256:2791f68edc5749024b4722500e86303a10d342527e1e3bcac47f35fbd25b764e",
                "sha256:2f9674623ca39c9ebe38afa3da402e9326c245f0f5ceff0623dccdac15023e05",
                "sha256:3363e77a6176afb8823b6e06db78c46dbc4c7813b00a41300a4873b6ba63b171",
                "sha256:33c6cdc071ba5cd6d96769c8969a0531be2d08c2628a0143a10a7dcffa9719ca",
                "sha256:3b8eaf915ddc0709779889c472e553f0d3e8b7bdf62dab764c8921b09bf94522",
                "sha256:3cb3e1b9ec43256c4e0f8d2837267a70b0e1ca8c4f456685508ae6106b1f504c",
                "sha256:3eeeb0405fd145e714f7633a5173318bd88d8bbfc3dd0a5751f8c4f70ae629bc",
                "sha256:44f60519595eaca110f248e5017363d751b12782a6f2bd6a7041cba275215f5d",
                "sha256:4d7c26bfc1ea9f92084a1d75e11999e97b62d63128bcc90c3624d07813c52808",
                "sha256:529c4ed2e10437c205f38f3691a68be66c39197d01062618c55f74294a4a4828",
                "sha256:6642f15ad963b5092d65aed022d033c77763515fdc07095208f15d3563003869",
                "sha256:85ba797e1de5b48aa5a8427b6ba62cf69607c18c5d4eb747604b7302f1ec382d",
                "sha256:8f0f1e499e4000c4c347a124fa6a27d37608ced4fe9f7d45070563b7c4c370c9",
                "sha256:a624fae282e81ad2e4871bdb767e2c914d0539708c0f078b5b355258293c98b0",
                "sha256:b0358e6fefc74a16f745afa366acc89f979040e0cbc4eec55ab26ad1f6a9bfbc",
                "sha256:bbd2f4dfee1079f76943767fce837ade3087b578aeb9f69aec7857d5bf25db15",
                "sha256:bf39a9e19ce7298f1bd6a9758fa99707e9e5b1ebe5e90f2c3913a47bc548747c",
                "sha256:c11579638288e53fc94ad60022ff1b67865363e730ee41ad5e6f0a17188b327a",
                "sha256:c150eaa3dadbb2b5339675b88d4573c1be3cb6f2c33a6c83387e10cc0bf05bd3",
                "sha256:c53af463f4a40de78c58b8b2710ade243c81cbca641e34debf3396a9640d6ec1",
                "sha256:cb763ceceae04803adcc4e2d80d611ef201c73da32d8f2722e9d0ab0c7f10768",
                "sha256:cc75f58cdaf043fe6a7a6c04b3b5a0e694c6a9e24050967747251fb80d7bce0d",
                "sha256:d80998ed59176e8cba74028762fbd9b9153b9afc71ea118e63bbf5d4d0f9552b",
                "sha256:de31b5164d44ef4943db155b3e8e17929707cac1e5bd2f363e67a56e3af4af6e",
                "sha256:e66399cf0fc07de4dce4f588fc25bfe84a6d1285cc544e67987d22663393926d",
                "sha256:f0620511387790860b249b9241c2f13c3a80e21a73e0b861a2df24e9d6f56730",
                "sha256:f4eae045e6ab2bb54ca279733fe4eb85f1effda392666308250714e01907f394",
                "sha256:f92cdecb618e5fa4658aeb97d5eb3d2f47aa94ac6477c6daf0f306c5a3b9e6b1",
                "sha256:f92f789e4f9241cd262ad7a555ca2c648a98178a953af117ef7fad46aa1d5591"
            ],
            "version": "==1.14.3"
        },
        "chardet": {
            "hashes": [
                "sha256:84ab92ed1c4d4f16916e05906b6b75a6c0fb5db821cc65e70cbd64a3e2a5eaae",
                "sha256:fc323ffcaeaed0e0a02bf4d117757b98aed530d9ed4531e3e15460124c106691"
            ],
            "version": "==3.0.4"
        },
        "configupdater": {
            "hashes": [
                "sha256:5363c45babe9c95df58f054b72ed513d1fca1be089ee4b2e32dc9fb3351f12b8",
                "sha256:d49f1d64d16cb92f2cffef442d42fdfd5e317fd9368ddfb8b96f7683b3ec751c"
            ],
            "index": "pypi",
            "version": "==1.1.3"
        },
        "cryptography": {
            "hashes": [
                "sha256:22f8251f68953553af4f9c11ec5f191198bc96cff9f0ac5dd5ff94daede0ee6d",
                "sha256:284e275e3c099a80831f9898fb5c9559120d27675c3521278faba54e584a7832",
                "sha256:3e17d02941c0f169c5b877597ca8be895fca0e5e3eb882526a74aa4804380a98",
                "sha256:52a47e60953679eea0b4d490ca3c241fb1b166a7b161847ef4667dfd49e7699d",
                "sha256:57b8c1ed13b8aa386cabbfde3be175d7b155682470b0e259fecfe53850967f8a",
                "sha256:6a8f64ed096d13f92d1f601a92d9fd1f1025dc73a2ca1ced46dcf5e0d4930943",
                "sha256:6e8a3c7c45101a7eeee93102500e1b08f2307c717ff553fcb3c1127efc9b6917",
                "sha256:7ef41304bf978f33cfb6f43ca13bb0faac0c99cda33693aa20ad4f5e34e8cb8f",
                "sha256:87c2fffd61e934bc0e2c927c3764c20b22d7f5f7f812ee1a477de4c89b044ca6",
                "sha256:88069392cd9a1e68d2cfd5c3a2b0d72a44ef3b24b8977a4f7956e9e3c4c9477a",
                "sha256:8a0866891326d3badb17c5fd3e02c926b635e8923fa271b4813cd4d972a57ff3",
                "sha256:8f0fd8b0751d75c4483c534b209e39e918f0d14232c0d8a2a76e687f64ced831",
                "sha256:9a07e6d255053674506091d63ab4270a119e9fc83462c7ab1dbcb495b76307af",
                "sha256:9a8580c9afcdcddabbd064c0a74f337af74ff4529cdf3a12fa2e9782d677a2e5",
                "sha256:bd80bc156d3729b38cb227a5a76532aef693b7ac9e395eea8063ee50ceed46a5",
                "sha256:d1cbc3426e6150583b22b517ef3720036d7e3152d428c864ff0f3fcad2b97591",
                "sha256:e15ac84dcdb89f92424cbaca4b0b34e211e7ce3ee7b0ec0e4f3c55cee65fae5a",
                "sha256:e4789b84f8dedf190148441f7c5bfe7244782d9cbb194a36e17b91e7d3e1cca9",
                "sha256:f01c9116bfb3ad2831e125a73dcd957d173d6ddca7701528eff1e7d97972872c",
                "sha256:f0e3986f6cce007216b23c490f093f35ce2068f3c244051e559f647f6731b7ae",
                "sha256:f2aa3f8ba9e2e3fd49bd3de743b976ab192fbf0eb0348cebde5d2a9de0090a9f",
                "sha256:fb70a4cedd69dc52396ee114416a3656e011fb0311fca55eb55c7be6ed9c8aef"
            ],
            "index": "pypi",
            "version": "==3.2"
        },
        "idna": {
            "hashes": [
                "sha256:b307872f855b18632ce0c21c5e45be78c0ea7ae4c15c828c20788b26921eb3f6",
                "sha256:b97d804b1e9b523befed77c48dacec60e6dcb0b5391d57af6a65a312a90648c0"
            ],
            "version": "==2.10"
        },
        "logzero": {
            "hashes": [
                "sha256:34fa1e2e436dfa9f37e5ff8750e932bafe0c5abbb42e1f669e4cf5ce1f179142",
                "sha256:818072e4fcb53a3f6fb4114a92f920e1135fe6f47bffd9dc2b6c4d10eedacf27"
            ],
            "index": "pypi",
            "version": "==1.5.0"
        },
        "pathlib": {
            "hashes": [
                "sha256:6940718dfc3eff4258203ad5021090933e5c04707d5ca8cc9e73c94a7894ea9f"
            ],
            "index": "pypi",
            "version": "==1.0.1"
        },
        "pycparser": {
            "hashes": [
                "sha256:2d475327684562c3a96cc71adf7dc8c4f0565175cf86b6d7a404ff4c771f15f0",
                "sha256:7582ad22678f0fcd81102833f60ef8d0e57288b6b5fb00323d101be910e35705"
            ],
            "version": "==2.20"
        },
        "pyinstaller": {
            "hashes": [
                "sha256:970beb07115761d5e4ec317c1351b712fd90ae7f23994db914c633281f99bab0"
            ],
            "index": "pypi",
            "version": "==4.0"
        },
        "pyinstaller-hooks-contrib": {
            "hashes": [
                "sha256:a5fd45a920012802e3f2089e1d3501ef2f49265dfea8fc46c3310f18e3326c91",
                "sha256:c382f3ac1a42b45cfecd581475c36db77da90e479b2f5bcb6d840d21fa545114"
            ],
            "version": "==2020.9"
        },
        "pyqt5": {
            "hashes": [
                "sha256:17a6d5258796bae16e447aa3efa00258425c09cf88ef68238762628a5dde7c6f",
                "sha256:4e47021c2b8e89a3bc64247dfb224144e5c8d77e3ab44f3842d120aab6b3cbd4",
                "sha256:b1ea7e82004dc7b311d1e29df2f276461016e2d180e10c73805ace4376125ed9",
                "sha256:b9e7cc3ec69f80834f3f7507478c77e4d42411d5e9e557350e61b2660d12abc2",
                "sha256:d9a76b850246d08da9863189ecb98f6c2aa9b4d97a3e85e29330a264aed0f9a1"
            ],
            "index": "pypi",
            "version": "==5.15.1"
        },
        "pyqt5-sip": {
            "hashes": [
                "sha256:0304ca9114b9817a270f67f421355075b78ff9fc25ac58ffd72c2601109d2194",
                "sha256:0cd969be528c27bbd4755bd323dff4a79a8fdda28215364e6ce3e069cb56c2a9",
                "sha256:2f35e82fd7ec1e1f6716e9154721c7594956a4f5bd4f826d8c6a6453833cc2f0",
                "sha256:30e944db9abee9cc757aea16906d4198129558533eb7fadbe48c5da2bd18e0bd",
                "sha256:34dcd29be47553d5f016ff86e89e24cbc5eebae92eb2f96fb32d2d7ba028c43c",
                "sha256:5a011aeff89660622a6d5c3388d55a9d76932f3b82c95e82fc31abd8b1d2990d",
                "sha256:6c1ebee60f1d2b3c70aff866b7933d8d8d7646011f7c32f9321ee88c290aa4f9",
                "sha256:7b81382ce188d63890a0e35abe0f9bb946cabc873a31873b73583b0fc84ac115",
                "sha256:832fd60a264de4134c2824d393320838f3ab648180c9c357ec58a74524d24507",
                "sha256:84ba7746762bd223bed22428e8561aa267a229c28344c2d28c5d5d3f8970cffb",
                "sha256:9312ec47cac4e33c11503bc1cbeeb0bdae619620472f38e2078c5a51020a930f",
                "sha256:a1b8ef013086e224b8e86c93f880f776d01b59195bdfa2a8e0b23f0480678fec",
                "sha256:a29e2ac399429d3b7738f73e9081e50783e61ac5d29344e0802d0dcd6056c5a2",
                "sha256:b6d42250baec52a5f77de64e2951d001c5501c3a2df2179f625b241cbaec3369",
                "sha256:bb5a87b66fc1445915104ee97f7a20a69decb42f52803e3b0795fa17ff88226c",
                "sha256:c317ab1263e6417c498b81f5c970a9b1af7acefab1f80b4cc0f2f8e661f29fc5",
                "sha256:c9800729badcb247765e4ffe2241549d02da1fa435b9db224845bc37c3e99cb0",
                "sha256:c9d6d448c29dc6606bb7974696608f81f4316c8234f7c7216396ed110075e777",
                "sha256:da9c9f1e65b9d09e73bd75befc82961b6b61b5a3b9d0a7c832168e1415f163c6",
                "sha256:ed897c58acf4a3cdca61469daa31fe6e44c33c6c06a37c3f21fab31780b3b86a",
                "sha256:f168f0a7f32b81bfeffdf003c36f25d81c97dee5eb67072a5183e761fe250f13"
            ],
            "version": "==12.8.1"
        },
        "pyqt5-stubs": {
            "hashes": [
                "sha256:b1a84b12bbeed74d95cc7fb4fd2df0a6711bd43e9a2651e552c83930c7b81638"
            ],
            "index": "pypi",
            "version": "==5.14.2.2"
        },
        "pytz": {
            "hashes": [
                "sha256:a494d53b6d39c3c6e44c3bec237336e14305e4f29bbf800b599253057fbb79ed",
                "sha256:c35965d010ce31b23eeb663ed3cc8c906275d6be1a34393a1d73a41febf4a048"
            ],
            "index": "pypi",
            "version": "==2020.1"
        },
        "qtmodern": {
            "hashes": [
                "sha256:57e62617656494a9d8a27ac3bd51ae3ae61a265f43b92d6f6ea59dc8bed2179d",
                "sha256:d433a54fbb400d49790aff65d35f203de2a8cc67795ac5bb04c5e766433fafae"
            ],
            "index": "pypi",
            "version": "==0.2.0"
        },
        "qtpy": {
            "hashes": [
                "sha256:2db72c44b55d0fe1407be8fba35c838ad0d6d3bb81f23007886dc1fc0f459c8d",
                "sha256:fa0b8363b363e89b2a6f49eddc162a04c0699ae95e109a6be3bb145a913190ea"
            ],
            "index": "pypi",
            "version": "==1.9.0"
        },
        "ratelimit": {
            "hashes": [
                "sha256:af8a9b64b821529aca09ebaf6d8d279100d766f19e90b5059ac6a718ca6dee42"
            ],
            "index": "pypi",
            "version": "==2.2.1"
        },
        "requests": {
            "hashes": [
                "sha256:b3559a131db72c33ee969480840fff4bb6dd111de7dd27c8ee1f820f4f00231b",
                "sha256:fe75cc94a9443b9246fc7049224f75604b113c36acb93f87b80ed42c44cbb898"
            ],
            "index": "pypi",
            "version": "==2.24.0"
        },
        "six": {
            "hashes": [
                "sha256:30639c035cdb23534cd4aa2dd52c3bf48f06e5f4a941509c8bafd8ce11080259",
                "sha256:8b74bedcbbbaca38ff6d7491d76f2b06b3592611af620f8426e82dddb04a5ced"
            ],
            "version": "==1.15.0"
        },
        "sqlalchemy": {
            "hashes": [
                "sha256:072766c3bd09294d716b2d114d46ffc5ccf8ea0b714a4e1c48253014b771c6bb",
                "sha256:107d4af989831d7b091e382d192955679ec07a9209996bf8090f1f539ffc5804",
                "sha256:15c0bcd3c14f4086701c33a9e87e2c7ceb3bcb4a246cd88ec54a49cf2a5bd1a6",
                "sha256:26c5ca9d09f0e21b8671a32f7d83caad5be1f6ff45eef5ec2f6fd0db85fc5dc0",
                "sha256:276936d41111a501cf4a1a0543e25449108d87e9f8c94714f7660eaea89ae5fe",
                "sha256:3292a28344922415f939ee7f4fc0c186f3d5a0bf02192ceabd4f1129d71b08de",
                "sha256:33d29ae8f1dc7c75b191bb6833f55a19c932514b9b5ce8c3ab9bc3047da5db36",
                "sha256:3bba2e9fbedb0511769780fe1d63007081008c5c2d7d715e91858c94dbaa260e",
                "sha256:465c999ef30b1c7525f81330184121521418a67189053bcf585824d833c05b66",
                "sha256:51064ee7938526bab92acd049d41a1dc797422256086b39c08bafeffb9d304c6",
                "sha256:5a49e8473b1ab1228302ed27365ea0fadd4bf44bc0f9e73fe38e10fdd3d6b4fc",
                "sha256:618db68745682f64cedc96ca93707805d1f3a031747b5a0d8e150cfd5055ae4d",
                "sha256:6547b27698b5b3bbfc5210233bd9523de849b2bb8a0329cd754c9308fc8a05ce",
                "sha256:6557af9e0d23f46b8cd56f8af08eaac72d2e3c632ac8d5cf4e20215a8dca7cea",
                "sha256:73a40d4fcd35fdedce07b5885905753d5d4edf413fbe53544dd871f27d48bd4f",
                "sha256:8280f9dae4adb5889ce0bb3ec6a541bf05434db5f9ab7673078c00713d148365",
                "sha256:83469ad15262402b0e0974e612546bc0b05f379b5aa9072ebf66d0f8fef16bea",
                "sha256:860d0fe234922fd5552b7f807fbb039e3e7ca58c18c8d38aa0d0a95ddf4f6c23",
                "sha256:883c9fb62cebd1e7126dd683222b3b919657590c3e2db33bdc50ebbad53e0338",
                "sha256:8afcb6f4064d234a43fea108859942d9795c4060ed0fbd9082b0f280181a15c1",
                "sha256:96f51489ac187f4bab588cf51f9ff2d40b6d170ac9a4270ffaed535c8404256b",
                "sha256:9e865835e36dfbb1873b65e722ea627c096c11b05f796831e3a9b542926e979e",
                "sha256:aa0554495fe06172b550098909be8db79b5accdf6ffb59611900bea345df5eba",
                "sha256:b595e71c51657f9ee3235db8b53d0b57c09eee74dfb5b77edff0e46d2218dc02",
                "sha256:b6ff91356354b7ff3bd208adcf875056d3d886ed7cef90c571aef2ab8a554b12",
                "sha256:b70bad2f1a5bd3460746c3fb3ab69e4e0eb5f59d977a23f9b66e5bdc74d97b86",
                "sha256:c7adb1f69a80573698c2def5ead584138ca00fff4ad9785a4b0b2bf927ba308d",
                "sha256:c898b3ebcc9eae7b36bd0b4bbbafce2d8076680f6868bcbacee2d39a7a9726a7",
                "sha256:e49947d583fe4d29af528677e4f0aa21f5e535ca2ae69c48270ebebd0d8843c0",
                "sha256:eb1d71643e4154398b02e88a42fc8b29db8c44ce4134cf0f4474bfc5cb5d4dac",
                "sha256:f2e8a9c0c8813a468aa659a01af6592f71cd30237ec27c4cc0683f089f90dcfc",
                "sha256:fe7fe11019fc3e6600819775a7d55abc5446dda07e9795f5954fdbf8a49e1c37"
            ],
            "index": "pypi",
            "version": "==1.3.19"
        },
        "tzlocal": {
            "hashes": [
                "sha256:643c97c5294aedc737780a49d9df30889321cbe1204eac2c2ec6134035a92e44",
                "sha256:e2cb6c6b5b604af38597403e9852872d7f534962ae2954c7f35efcb1ccacf4a4"
            ],
            "index": "pypi",
            "version": "==2.1"
        },
        "urllib3": {
            "hashes": [
                "sha256:8d7eaa5a82a1cac232164990f04874c594c9453ec55eef02eab885aa02fc17a2",
                "sha256:f5321fbe4bf3fefa0efd0bfe7fb14e90909eb62a48ccda331726b4319897dd5e"
            ],
            "version": "==1.25.11"
        }
    },
    "develop": {
        "altgraph": {
            "hashes": [
                "sha256:1f05a47122542f97028caf78775a095fbe6a2699b5089de8477eb583167d69aa",
                "sha256:c623e5f3408ca61d4016f23a681b9adb100802ca3e3da5e718915a9e4052cebe"
            ],
            "version": "==0.17"
        },
        "pyinstaller": {
            "hashes": [
                "sha256:970beb07115761d5e4ec317c1351b712fd90ae7f23994db914c633281f99bab0"
            ],
            "index": "pypi",
            "version": "==4.0"
        },
        "pyinstaller-hooks-contrib": {
            "hashes": [
                "sha256:a5fd45a920012802e3f2089e1d3501ef2f49265dfea8fc46c3310f18e3326c91",
                "sha256:c382f3ac1a42b45cfecd581475c36db77da90e479b2f5bcb6d840d21fa545114"
            ],
            "version": "==2020.9"
        }
    }
}
